// !$*UTF8*$!
{
	archiveVersion = 1;
	classes = {
	};
	objectVersion = 46;
	objects = {

/* Begin PBXBuildFile section */
		34166D9CAB32133597239A12 /* Pods_TLWeibo.framework in Frameworks */ = {isa = PBXBuildFile; fileRef = A3CB636005A0FA091EB73A0F /* Pods_TLWeibo.framework */; };
		7E5F0FD71EF0D4B500FC30AD /* TLNetworkManager.swift in Sources */ = {isa = PBXBuildFile; fileRef = 7E5F0FD61EF0D4B500FC30AD /* TLNetworkManager.swift */; };
		7E5F0FD91EF0E84E00FC30AD /* TLNetworkManager+Extension.swift in Sources */ = {isa = PBXBuildFile; fileRef = 7E5F0FD81EF0E84E00FC30AD /* TLNetworkManager+Extension.swift */; };
		7E5F0FE71EF42A2B00FC30AD /* TLStatus.swift in Sources */ = {isa = PBXBuildFile; fileRef = 7E5F0FE61EF42A2B00FC30AD /* TLStatus.swift */; };
		7E5F0FE91EF42D3C00FC30AD /* TLStatusListViewModel.swift in Sources */ = {isa = PBXBuildFile; fileRef = 7E5F0FE81EF42D3C00FC30AD /* TLStatusListViewModel.swift */; };
		7E96105E1F06985A00FFDC93 /* TLWelcomeView.swift in Sources */ = {isa = PBXBuildFile; fileRef = 7E96105D1F06985A00FFDC93 /* TLWelcomeView.swift */; };
		7E9610601F0698D000FFDC93 /* TLNewFeatureView.swift in Sources */ = {isa = PBXBuildFile; fileRef = 7E96105F1F0698D000FFDC93 /* TLNewFeatureView.swift */; };
		7E9610631F06A3CB00FFDC93 /* TLWelcomeView.xib in Resources */ = {isa = PBXBuildFile; fileRef = 7E9610621F06A3CB00FFDC93 /* TLWelcomeView.xib */; };
		7E9610651F0A431E00FFDC93 /* TLNewFeatureView.xib in Resources */ = {isa = PBXBuildFile; fileRef = 7E9610641F0A431E00FFDC93 /* TLNewFeatureView.xib */; };
		7EAB86F81F01620E006DB3F9 /* TLTitleButton.swift in Sources */ = {isa = PBXBuildFile; fileRef = 7EAB86F71F01620E006DB3F9 /* TLTitleButton.swift */; };
		7EB2065F1EF7CCFE009DA507 /* WeiboCommon.swift in Sources */ = {isa = PBXBuildFile; fileRef = 7EB2065E1EF7CCFE009DA507 /* WeiboCommon.swift */; };
		7EB206621EF7D02C009DA507 /* TLOAuthViewController.swift in Sources */ = {isa = PBXBuildFile; fileRef = 7EB206611EF7D02C009DA507 /* TLOAuthViewController.swift */; };
		7EB206651EF8D03D009DA507 /* TLUserAccount.swift in Sources */ = {isa = PBXBuildFile; fileRef = 7EB206641EF8D03D009DA507 /* TLUserAccount.swift */; };
		7EDB64661EE95027009242C7 /* AppDelegate.swift in Sources */ = {isa = PBXBuildFile; fileRef = 7EDB64651EE95027009242C7 /* AppDelegate.swift */; };
		7EDB646D1EE95027009242C7 /* Assets.xcassets in Resources */ = {isa = PBXBuildFile; fileRef = 7EDB646C1EE95027009242C7 /* Assets.xcassets */; };
		7EDB64821EE99651009242C7 /* TLMainViewController.swift in Sources */ = {isa = PBXBuildFile; fileRef = 7EDB64811EE99651009242C7 /* TLMainViewController.swift */; };
		7EDB64841EE996A3009242C7 /* TLNavigationController.swift in Sources */ = {isa = PBXBuildFile; fileRef = 7EDB64831EE996A3009242C7 /* TLNavigationController.swift */; };
		7EDB64861EE996DA009242C7 /* TLBaseViewController.swift in Sources */ = {isa = PBXBuildFile; fileRef = 7EDB64851EE996DA009242C7 /* TLBaseViewController.swift */; };
		7EDB64881EE99733009242C7 /* TLHomeViewController.swift in Sources */ = {isa = PBXBuildFile; fileRef = 7EDB64871EE99733009242C7 /* TLHomeViewController.swift */; };
		7EDB648A1EE9974E009242C7 /* TLMessageViewController.swift in Sources */ = {isa = PBXBuildFile; fileRef = 7EDB64891EE9974E009242C7 /* TLMessageViewController.swift */; };
		7EDB648C1EE99761009242C7 /* TLDiscoverViewController.swift in Sources */ = {isa = PBXBuildFile; fileRef = 7EDB648B1EE99761009242C7 /* TLDiscoverViewController.swift */; };
		7EDB648E1EE99780009242C7 /* TLProfileViewController.swift in Sources */ = {isa = PBXBuildFile; fileRef = 7EDB648D1EE99780009242C7 /* TLProfileViewController.swift */; };
		7EDB64CF1EE9A16E009242C7 /* NSArray+Log.m in Sources */ = {isa = PBXBuildFile; fileRef = 7EDB64B81EE9A16E009242C7 /* NSArray+Log.m */; };
		7EDB64D01EE9A16E009242C7 /* NSAttributedString+TLAdditon.m in Sources */ = {isa = PBXBuildFile; fileRef = 7EDB64BA1EE9A16E009242C7 /* NSAttributedString+TLAdditon.m */; };
		7EDB64D11EE9A16E009242C7 /* NSObject+TLRuntime.m in Sources */ = {isa = PBXBuildFile; fileRef = 7EDB64BC1EE9A16E009242C7 /* NSObject+TLRuntime.m */; };
		7EDB64D21EE9A16E009242C7 /* NSString+TLBase64.m in Sources */ = {isa = PBXBuildFile; fileRef = 7EDB64BE1EE9A16E009242C7 /* NSString+TLBase64.m */; };
		7EDB64D31EE9A16E009242C7 /* NSString+TLHash.m in Sources */ = {isa = PBXBuildFile; fileRef = 7EDB64C01EE9A16E009242C7 /* NSString+TLHash.m */; };
		7EDB64D41EE9A16E009242C7 /* NSString+TLPath.m in Sources */ = {isa = PBXBuildFile; fileRef = 7EDB64C21EE9A16E009242C7 /* NSString+TLPath.m */; };
		7EDB64D51EE9A16E009242C7 /* UIButton+TLAddition.m in Sources */ = {isa = PBXBuildFile; fileRef = 7EDB64C41EE9A16E009242C7 /* UIButton+TLAddition.m */; };
		7EDB64D61EE9A16E009242C7 /* UIColor+TLAddition.m in Sources */ = {isa = PBXBuildFile; fileRef = 7EDB64C61EE9A16E009242C7 /* UIColor+TLAddition.m */; };
		7EDB64D71EE9A16E009242C7 /* UILabel+TLAddition.m in Sources */ = {isa = PBXBuildFile; fileRef = 7EDB64C81EE9A16E009242C7 /* UILabel+TLAddition.m */; };
		7EDB64D81EE9A16E009242C7 /* UIScreen+TLAddition.m in Sources */ = {isa = PBXBuildFile; fileRef = 7EDB64CA1EE9A16E009242C7 /* UIScreen+TLAddition.m */; };
		7EDB64D91EE9A16E009242C7 /* UIView+TLAddition.m in Sources */ = {isa = PBXBuildFile; fileRef = 7EDB64CC1EE9A16E009242C7 /* UIView+TLAddition.m */; };
		7EDB64DA1EE9A16E009242C7 /* UIViewController+TLAddition.m in Sources */ = {isa = PBXBuildFile; fileRef = 7EDB64CE1EE9A16E009242C7 /* UIViewController+TLAddition.m */; };
		7EDB64DE1EEA70D2009242C7 /* Bundle+Extensions.swift in Sources */ = {isa = PBXBuildFile; fileRef = 7EDB64DD1EEA70D2009242C7 /* Bundle+Extensions.swift */; };
		7EDB64E11EEBBA10009242C7 /* TLTestViewController.swift in Sources */ = {isa = PBXBuildFile; fileRef = 7EDB64E01EEBBA10009242C7 /* TLTestViewController.swift */; };
		7EDB64E31EEBD465009242C7 /* UIBarButtonItem+Extension.swift in Sources */ = {isa = PBXBuildFile; fileRef = 7EDB64E21EEBD465009242C7 /* UIBarButtonItem+Extension.swift */; };
		7EDB64E81EED2BAC009242C7 /* TLVisitorView.swift in Sources */ = {isa = PBXBuildFile; fileRef = 7EDB64E71EED2BAC009242C7 /* TLVisitorView.swift */; };
		7EE0BF4E1EEEE763005EB19E /* main.json in Resources */ = {isa = PBXBuildFile; fileRef = 7EE0BF4D1EEEE763005EB19E /* main.json */; };
/* End PBXBuildFile section */

/* Begin PBXFileReference section */
		754894664E8FCC2F54C8BBBD /* Pods-TLWeibo.release.xcconfig */ = {isa = PBXFileReference; includeInIndex = 1; lastKnownFileType = text.xcconfig; name = "Pods-TLWeibo.release.xcconfig"; path = "Pods/Target Support Files/Pods-TLWeibo/Pods-TLWeibo.release.xcconfig"; sourceTree = "<group>"; };
		7E5F0FD61EF0D4B500FC30AD /* TLNetworkManager.swift */ = {isa = PBXFileReference; fileEncoding = 4; lastKnownFileType = sourcecode.swift; path = TLNetworkManager.swift; sourceTree = "<group>"; };
		7E5F0FD81EF0E84E00FC30AD /* TLNetworkManager+Extension.swift */ = {isa = PBXFileReference; fileEncoding = 4; lastKnownFileType = sourcecode.swift; path = "TLNetworkManager+Extension.swift"; sourceTree = "<group>"; };
		7E5F0FE61EF42A2B00FC30AD /* TLStatus.swift */ = {isa = PBXFileReference; fileEncoding = 4; lastKnownFileType = sourcecode.swift; path = TLStatus.swift; sourceTree = "<group>"; };
		7E5F0FE81EF42D3C00FC30AD /* TLStatusListViewModel.swift */ = {isa = PBXFileReference; fileEncoding = 4; lastKnownFileType = sourcecode.swift; path = TLStatusListViewModel.swift; sourceTree = "<group>"; };
		7E96105D1F06985A00FFDC93 /* TLWelcomeView.swift */ = {isa = PBXFileReference; fileEncoding = 4; lastKnownFileType = sourcecode.swift; path = TLWelcomeView.swift; sourceTree = "<group>"; };
		7E96105F1F0698D000FFDC93 /* TLNewFeatureView.swift */ = {isa = PBXFileReference; fileEncoding = 4; lastKnownFileType = sourcecode.swift; path = TLNewFeatureView.swift; sourceTree = "<group>"; };
		7E9610621F06A3CB00FFDC93 /* TLWelcomeView.xib */ = {isa = PBXFileReference; fileEncoding = 4; lastKnownFileType = file.xib; path = TLWelcomeView.xib; sourceTree = "<group>"; };
		7E9610641F0A431E00FFDC93 /* TLNewFeatureView.xib */ = {isa = PBXFileReference; fileEncoding = 4; lastKnownFileType = file.xib; path = TLNewFeatureView.xib; sourceTree = "<group>"; };
		7EAB86F71F01620E006DB3F9 /* TLTitleButton.swift */ = {isa = PBXFileReference; fileEncoding = 4; lastKnownFileType = sourcecode.swift; path = TLTitleButton.swift; sourceTree = "<group>"; };
		7EB2065E1EF7CCFE009DA507 /* WeiboCommon.swift */ = {isa = PBXFileReference; fileEncoding = 4; lastKnownFileType = sourcecode.swift; path = WeiboCommon.swift; sourceTree = "<group>"; };
		7EB206611EF7D02C009DA507 /* TLOAuthViewController.swift */ = {isa = PBXFileReference; fileEncoding = 4; lastKnownFileType = sourcecode.swift; path = TLOAuthViewController.swift; sourceTree = "<group>"; };
		7EB206641EF8D03D009DA507 /* TLUserAccount.swift */ = {isa = PBXFileReference; fileEncoding = 4; lastKnownFileType = sourcecode.swift; path = TLUserAccount.swift; sourceTree = "<group>"; };
		7EDB64621EE95027009242C7 /* TLWeibo.app */ = {isa = PBXFileReference; explicitFileType = wrapper.application; includeInIndex = 0; path = TLWeibo.app; sourceTree = BUILT_PRODUCTS_DIR; };
		7EDB64651EE95027009242C7 /* AppDelegate.swift */ = {isa = PBXFileReference; lastKnownFileType = sourcecode.swift; path = AppDelegate.swift; sourceTree = "<group>"; };
		7EDB646C1EE95027009242C7 /* Assets.xcassets */ = {isa = PBXFileReference; lastKnownFileType = folder.assetcatalog; path = Assets.xcassets; sourceTree = "<group>"; };
		7EDB64711EE95027009242C7 /* Info.plist */ = {isa = PBXFileReference; lastKnownFileType = text.plist.xml; path = Info.plist; sourceTree = "<group>"; };
		7EDB64811EE99651009242C7 /* TLMainViewController.swift */ = {isa = PBXFileReference; fileEncoding = 4; lastKnownFileType = sourcecode.swift; path = TLMainViewController.swift; sourceTree = "<group>"; };
		7EDB64831EE996A3009242C7 /* TLNavigationController.swift */ = {isa = PBXFileReference; fileEncoding = 4; lastKnownFileType = sourcecode.swift; path = TLNavigationController.swift; sourceTree = "<group>"; };
		7EDB64851EE996DA009242C7 /* TLBaseViewController.swift */ = {isa = PBXFileReference; fileEncoding = 4; lastKnownFileType = sourcecode.swift; path = TLBaseViewController.swift; sourceTree = "<group>"; };
		7EDB64871EE99733009242C7 /* TLHomeViewController.swift */ = {isa = PBXFileReference; fileEncoding = 4; lastKnownFileType = sourcecode.swift; path = TLHomeViewController.swift; sourceTree = "<group>"; };
		7EDB64891EE9974E009242C7 /* TLMessageViewController.swift */ = {isa = PBXFileReference; fileEncoding = 4; lastKnownFileType = sourcecode.swift; path = TLMessageViewController.swift; sourceTree = "<group>"; };
		7EDB648B1EE99761009242C7 /* TLDiscoverViewController.swift */ = {isa = PBXFileReference; fileEncoding = 4; lastKnownFileType = sourcecode.swift; path = TLDiscoverViewController.swift; sourceTree = "<group>"; };
		7EDB648D1EE99780009242C7 /* TLProfileViewController.swift */ = {isa = PBXFileReference; fileEncoding = 4; lastKnownFileType = sourcecode.swift; path = TLProfileViewController.swift; sourceTree = "<group>"; };
		7EDB64B61EE9A16E009242C7 /* TLAdditions.h */ = {isa = PBXFileReference; fileEncoding = 4; lastKnownFileType = sourcecode.c.h; path = TLAdditions.h; sourceTree = "<group>"; };
		7EDB64B71EE9A16E009242C7 /* NSArray+Log.h */ = {isa = PBXFileReference; fileEncoding = 4; lastKnownFileType = sourcecode.c.h; path = "NSArray+Log.h"; sourceTree = "<group>"; };
		7EDB64B81EE9A16E009242C7 /* NSArray+Log.m */ = {isa = PBXFileReference; fileEncoding = 4; lastKnownFileType = sourcecode.c.objc; path = "NSArray+Log.m"; sourceTree = "<group>"; };
		7EDB64B91EE9A16E009242C7 /* NSAttributedString+TLAdditon.h */ = {isa = PBXFileReference; fileEncoding = 4; lastKnownFileType = sourcecode.c.h; path = "NSAttributedString+TLAdditon.h"; sourceTree = "<group>"; };
		7EDB64BA1EE9A16E009242C7 /* NSAttributedString+TLAdditon.m */ = {isa = PBXFileReference; fileEncoding = 4; lastKnownFileType = sourcecode.c.objc; path = "NSAttributedString+TLAdditon.m"; sourceTree = "<group>"; };
		7EDB64BB1EE9A16E009242C7 /* NSObject+TLRuntime.h */ = {isa = PBXFileReference; fileEncoding = 4; lastKnownFileType = sourcecode.c.h; path = "NSObject+TLRuntime.h"; sourceTree = "<group>"; };
		7EDB64BC1EE9A16E009242C7 /* NSObject+TLRuntime.m */ = {isa = PBXFileReference; fileEncoding = 4; lastKnownFileType = sourcecode.c.objc; path = "NSObject+TLRuntime.m"; sourceTree = "<group>"; };
		7EDB64BD1EE9A16E009242C7 /* NSString+TLBase64.h */ = {isa = PBXFileReference; fileEncoding = 4; lastKnownFileType = sourcecode.c.h; path = "NSString+TLBase64.h"; sourceTree = "<group>"; };
		7EDB64BE1EE9A16E009242C7 /* NSString+TLBase64.m */ = {isa = PBXFileReference; fileEncoding = 4; lastKnownFileType = sourcecode.c.objc; path = "NSString+TLBase64.m"; sourceTree = "<group>"; };
		7EDB64BF1EE9A16E009242C7 /* NSString+TLHash.h */ = {isa = PBXFileReference; fileEncoding = 4; lastKnownFileType = sourcecode.c.h; path = "NSString+TLHash.h"; sourceTree = "<group>"; };
		7EDB64C01EE9A16E009242C7 /* NSString+TLHash.m */ = {isa = PBXFileReference; fileEncoding = 4; lastKnownFileType = sourcecode.c.objc; path = "NSString+TLHash.m"; sourceTree = "<group>"; };
		7EDB64C11EE9A16E009242C7 /* NSString+TLPath.h */ = {isa = PBXFileReference; fileEncoding = 4; lastKnownFileType = sourcecode.c.h; path = "NSString+TLPath.h"; sourceTree = "<group>"; };
		7EDB64C21EE9A16E009242C7 /* NSString+TLPath.m */ = {isa = PBXFileReference; fileEncoding = 4; lastKnownFileType = sourcecode.c.objc; path = "NSString+TLPath.m"; sourceTree = "<group>"; };
		7EDB64C31EE9A16E009242C7 /* UIButton+TLAddition.h */ = {isa = PBXFileReference; fileEncoding = 4; lastKnownFileType = sourcecode.c.h; path = "UIButton+TLAddition.h"; sourceTree = "<group>"; };
		7EDB64C41EE9A16E009242C7 /* UIButton+TLAddition.m */ = {isa = PBXFileReference; fileEncoding = 4; lastKnownFileType = sourcecode.c.objc; path = "UIButton+TLAddition.m"; sourceTree = "<group>"; };
		7EDB64C51EE9A16E009242C7 /* UIColor+TLAddition.h */ = {isa = PBXFileReference; fileEncoding = 4; lastKnownFileType = sourcecode.c.h; path = "UIColor+TLAddition.h"; sourceTree = "<group>"; };
		7EDB64C61EE9A16E009242C7 /* UIColor+TLAddition.m */ = {isa = PBXFileReference; fileEncoding = 4; lastKnownFileType = sourcecode.c.objc; path = "UIColor+TLAddition.m"; sourceTree = "<group>"; };
		7EDB64C71EE9A16E009242C7 /* UILabel+TLAddition.h */ = {isa = PBXFileReference; fileEncoding = 4; lastKnownFileType = sourcecode.c.h; path = "UILabel+TLAddition.h"; sourceTree = "<group>"; };
		7EDB64C81EE9A16E009242C7 /* UILabel+TLAddition.m */ = {isa = PBXFileReference; fileEncoding = 4; lastKnownFileType = sourcecode.c.objc; path = "UILabel+TLAddition.m"; sourceTree = "<group>"; };
		7EDB64C91EE9A16E009242C7 /* UIScreen+TLAddition.h */ = {isa = PBXFileReference; fileEncoding = 4; lastKnownFileType = sourcecode.c.h; path = "UIScreen+TLAddition.h"; sourceTree = "<group>"; };
		7EDB64CA1EE9A16E009242C7 /* UIScreen+TLAddition.m */ = {isa = PBXFileReference; fileEncoding = 4; lastKnownFileType = sourcecode.c.objc; path = "UIScreen+TLAddition.m"; sourceTree = "<group>"; };
		7EDB64CB1EE9A16E009242C7 /* UIView+TLAddition.h */ = {isa = PBXFileReference; fileEncoding = 4; lastKnownFileType = sourcecode.c.h; path = "UIView+TLAddition.h"; sourceTree = "<group>"; };
		7EDB64CC1EE9A16E009242C7 /* UIView+TLAddition.m */ = {isa = PBXFileReference; fileEncoding = 4; lastKnownFileType = sourcecode.c.objc; path = "UIView+TLAddition.m"; sourceTree = "<group>"; };
		7EDB64CD1EE9A16E009242C7 /* UIViewController+TLAddition.h */ = {isa = PBXFileReference; fileEncoding = 4; lastKnownFileType = sourcecode.c.h; path = "UIViewController+TLAddition.h"; sourceTree = "<group>"; };
		7EDB64CE1EE9A16E009242C7 /* UIViewController+TLAddition.m */ = {isa = PBXFileReference; fileEncoding = 4; lastKnownFileType = sourcecode.c.objc; path = "UIViewController+TLAddition.m"; sourceTree = "<group>"; };
		7EDB64DB1EE9A1E1009242C7 /* TLWeibo-Bridge.h */ = {isa = PBXFileReference; fileEncoding = 4; lastKnownFileType = sourcecode.c.h; path = "TLWeibo-Bridge.h"; sourceTree = "<group>"; };
		7EDB64DD1EEA70D2009242C7 /* Bundle+Extensions.swift */ = {isa = PBXFileReference; fileEncoding = 4; lastKnownFileType = sourcecode.swift; path = "Bundle+Extensions.swift"; sourceTree = "<group>"; };
		7EDB64E01EEBBA10009242C7 /* TLTestViewController.swift */ = {isa = PBXFileReference; fileEncoding = 4; lastKnownFileType = sourcecode.swift; path = TLTestViewController.swift; sourceTree = "<group>"; };
		7EDB64E21EEBD465009242C7 /* UIBarButtonItem+Extension.swift */ = {isa = PBXFileReference; fileEncoding = 4; lastKnownFileType = sourcecode.swift; path = "UIBarButtonItem+Extension.swift"; sourceTree = "<group>"; };
		7EDB64E71EED2BAC009242C7 /* TLVisitorView.swift */ = {isa = PBXFileReference; fileEncoding = 4; lastKnownFileType = sourcecode.swift; path = TLVisitorView.swift; sourceTree = "<group>"; };
		7EE0BF4D1EEEE763005EB19E /* main.json */ = {isa = PBXFileReference; fileEncoding = 4; lastKnownFileType = text.json; path = main.json; sourceTree = "<group>"; };
		A3CB636005A0FA091EB73A0F /* Pods_TLWeibo.framework */ = {isa = PBXFileReference; explicitFileType = wrapper.framework; includeInIndex = 0; path = Pods_TLWeibo.framework; sourceTree = BUILT_PRODUCTS_DIR; };
		B4435AB0781127842AE7AB51 /* Pods-TLWeibo.debug.xcconfig */ = {isa = PBXFileReference; includeInIndex = 1; lastKnownFileType = text.xcconfig; name = "Pods-TLWeibo.debug.xcconfig"; path = "Pods/Target Support Files/Pods-TLWeibo/Pods-TLWeibo.debug.xcconfig"; sourceTree = "<group>"; };
/* End PBXFileReference section */

/* Begin PBXFrameworksBuildPhase section */
		7EDB645F1EE95027009242C7 /* Frameworks */ = {
			isa = PBXFrameworksBuildPhase;
			buildActionMask = 2147483647;
			files = (
				34166D9CAB32133597239A12 /* Pods_TLWeibo.framework in Frameworks */,
			);
			runOnlyForDeploymentPostprocessing = 0;
		};
/* End PBXFrameworksBuildPhase section */

/* Begin PBXGroup section */
		0CE5718855A05AEFE2D2663B /* Pods */ = {
			isa = PBXGroup;
			children = (
				B4435AB0781127842AE7AB51 /* Pods-TLWeibo.debug.xcconfig */,
				754894664E8FCC2F54C8BBBD /* Pods-TLWeibo.release.xcconfig */,
			);
			name = Pods;
			sourceTree = "<group>";
		};
		704DD4CD923185E0344B9600 /* Frameworks */ = {
			isa = PBXGroup;
			children = (
				A3CB636005A0FA091EB73A0F /* Pods_TLWeibo.framework */,
			);
			name = Frameworks;
			sourceTree = "<group>";
		};
		7E5F0FD51EF0D48F00FC30AD /* Network */ = {
			isa = PBXGroup;
			children = (
				7EB206631EF8D00E009DA507 /* Model */,
				7E5F0FD61EF0D4B500FC30AD /* TLNetworkManager.swift */,
				7E5F0FD81EF0E84E00FC30AD /* TLNetworkManager+Extension.swift */,
			);
			path = Network;
			sourceTree = "<group>";
		};
		7E96105C1F06982100FFDC93 /* NewFeature */ = {
			isa = PBXGroup;
			children = (
				7E96105D1F06985A00FFDC93 /* TLWelcomeView.swift */,
				7E9610621F06A3CB00FFDC93 /* TLWelcomeView.xib */,
				7E96105F1F0698D000FFDC93 /* TLNewFeatureView.swift */,
				7E9610641F0A431E00FFDC93 /* TLNewFeatureView.xib */,
			);
			path = NewFeature;
			sourceTree = "<group>";
		};
		7EAB86F61F0161D5006DB3F9 /* TitleButton */ = {
			isa = PBXGroup;
			children = (
				7EAB86F71F01620E006DB3F9 /* TLTitleButton.swift */,
			);
			path = TitleButton;
			sourceTree = "<group>";
		};
		7EB206601EF7CFF8009DA507 /* OAuth */ = {
			isa = PBXGroup;
			children = (
				7EB206611EF7D02C009DA507 /* TLOAuthViewController.swift */,
			);
			path = OAuth;
			sourceTree = "<group>";
		};
		7EB206631EF8D00E009DA507 /* Model */ = {
			isa = PBXGroup;
			children = (
				7EB206641EF8D03D009DA507 /* TLUserAccount.swift */,
			);
			path = Model;
			sourceTree = "<group>";
		};
		7EDB64591EE95027009242C7 = {
			isa = PBXGroup;
			children = (
				7EDB64641EE95027009242C7 /* TLWeibo */,
				7EDB64631EE95027009242C7 /* Products */,
				0CE5718855A05AEFE2D2663B /* Pods */,
				704DD4CD923185E0344B9600 /* Frameworks */,
			);
			sourceTree = "<group>";
		};
		7EDB64631EE95027009242C7 /* Products */ = {
			isa = PBXGroup;
			children = (
				7EDB64621EE95027009242C7 /* TLWeibo.app */,
			);
			name = Products;
			sourceTree = "<group>";
		};
		7EDB64641EE95027009242C7 /* TLWeibo */ = {
			isa = PBXGroup;
			children = (
				7EDB64771EE995D9009242C7 /* Class */,
				7EDB64651EE95027009242C7 /* AppDelegate.swift */,
				7EDB64DB1EE9A1E1009242C7 /* TLWeibo-Bridge.h */,
				7EDB646C1EE95027009242C7 /* Assets.xcassets */,
				7EDB64711EE95027009242C7 /* Info.plist */,
			);
			path = TLWeibo;
			sourceTree = "<group>";
		};
		7EDB64771EE995D9009242C7 /* Class */ = {
			isa = PBXGroup;
			children = (
				7EDB647A1EE995D9009242C7 /* View */,
				7EDB64801EE995D9009242C7 /* ViewModel */,
				7EDB64781EE995D9009242C7 /* Model */,
				7EDB64791EE995D9009242C7 /* Tools */,
			);
			path = Class;
			sourceTree = "<group>";
		};
		7EDB64781EE995D9009242C7 /* Model */ = {
			isa = PBXGroup;
			children = (
				7E5F0FE61EF42A2B00FC30AD /* TLStatus.swift */,
			);
			path = Model;
			sourceTree = "<group>";
		};
		7EDB64791EE995D9009242C7 /* Tools */ = {
			isa = PBXGroup;
			children = (
				7E5F0FD51EF0D48F00FC30AD /* Network */,
				7EDB64DC1EEA7093009242C7 /* Extensitons */,
				7EDB64B51EE9A16E009242C7 /* Additions */,
				7EB2065E1EF7CCFE009DA507 /* WeiboCommon.swift */,
			);
			path = Tools;
			sourceTree = "<group>";
		};
		7EDB647A1EE995D9009242C7 /* View */ = {
			isa = PBXGroup;
			children = (
				7EDB647D1EE995D9009242C7 /* Main */,
				7EDB647C1EE995D9009242C7 /* Home */,
				7EDB647E1EE995D9009242C7 /* Message */,
				7EDB647B1EE995D9009242C7 /* Discover */,
				7EDB647F1EE995D9009242C7 /* Profile */,
			);
			path = View;
			sourceTree = "<group>";
		};
		7EDB647B1EE995D9009242C7 /* Discover */ = {
			isa = PBXGroup;
			children = (
				7EDB648B1EE99761009242C7 /* TLDiscoverViewController.swift */,
			);
			path = Discover;
			sourceTree = "<group>";
		};
		7EDB647C1EE995D9009242C7 /* Home */ = {
			isa = PBXGroup;
			children = (
				7EAB86F61F0161D5006DB3F9 /* TitleButton */,
				7EDB64871EE99733009242C7 /* TLHomeViewController.swift */,
			);
			path = Home;
			sourceTree = "<group>";
		};
		7EDB647D1EE995D9009242C7 /* Main */ = {
			isa = PBXGroup;
			children = (
				7EDB64E51EEC4CBC009242C7 /* MainController */,
				7E96105C1F06982100FFDC93 /* NewFeature */,
				7EB206601EF7CFF8009DA507 /* OAuth */,
				7EDB64E61EED2B73009242C7 /* VisitorView */,
				7EDB64DF1EEBB9EB009242C7 /* TLTest */,
				7EDB64851EE996DA009242C7 /* TLBaseViewController.swift */,
			);
			path = Main;
			sourceTree = "<group>";
		};
		7EDB647E1EE995D9009242C7 /* Message */ = {
			isa = PBXGroup;
			children = (
				7EDB64891EE9974E009242C7 /* TLMessageViewController.swift */,
			);
			path = Message;
			sourceTree = "<group>";
		};
		7EDB647F1EE995D9009242C7 /* Profile */ = {
			isa = PBXGroup;
			children = (
				7EDB648D1EE99780009242C7 /* TLProfileViewController.swift */,
			);
			path = Profile;
			sourceTree = "<group>";
		};
		7EDB64801EE995D9009242C7 /* ViewModel */ = {
			isa = PBXGroup;
			children = (
				7E5F0FE81EF42D3C00FC30AD /* TLStatusListViewModel.swift */,
			);
			path = ViewModel;
			sourceTree = "<group>";
		};
		7EDB64B51EE9A16E009242C7 /* Additions */ = {
			isa = PBXGroup;
			children = (
				7EDB64B61EE9A16E009242C7 /* TLAdditions.h */,
				7EDB64B71EE9A16E009242C7 /* NSArray+Log.h */,
				7EDB64B81EE9A16E009242C7 /* NSArray+Log.m */,
				7EDB64B91EE9A16E009242C7 /* NSAttributedString+TLAdditon.h */,
				7EDB64BA1EE9A16E009242C7 /* NSAttributedString+TLAdditon.m */,
				7EDB64BB1EE9A16E009242C7 /* NSObject+TLRuntime.h */,
				7EDB64BC1EE9A16E009242C7 /* NSObject+TLRuntime.m */,
				7EDB64BD1EE9A16E009242C7 /* NSString+TLBase64.h */,
				7EDB64BE1EE9A16E009242C7 /* NSString+TLBase64.m */,
				7EDB64BF1EE9A16E009242C7 /* NSString+TLHash.h */,
				7EDB64C01EE9A16E009242C7 /* NSString+TLHash.m */,
				7EDB64C11EE9A16E009242C7 /* NSString+TLPath.h */,
				7EDB64C21EE9A16E009242C7 /* NSString+TLPath.m */,
				7EDB64C31EE9A16E009242C7 /* UIButton+TLAddition.h */,
				7EDB64C41EE9A16E009242C7 /* UIButton+TLAddition.m */,
				7EDB64C51EE9A16E009242C7 /* UIColor+TLAddition.h */,
				7EDB64C61EE9A16E009242C7 /* UIColor+TLAddition.m */,
				7EDB64C71EE9A16E009242C7 /* UILabel+TLAddition.h */,
				7EDB64C81EE9A16E009242C7 /* UILabel+TLAddition.m */,
				7EDB64C91EE9A16E009242C7 /* UIScreen+TLAddition.h */,
				7EDB64CA1EE9A16E009242C7 /* UIScreen+TLAddition.m */,
				7EDB64CB1EE9A16E009242C7 /* UIView+TLAddition.h */,
				7EDB64CC1EE9A16E009242C7 /* UIView+TLAddition.m */,
				7EDB64CD1EE9A16E009242C7 /* UIViewController+TLAddition.h */,
				7EDB64CE1EE9A16E009242C7 /* UIViewController+TLAddition.m */,
			);
			path = Additions;
			sourceTree = "<group>";
		};
		7EDB64DC1EEA7093009242C7 /* Extensitons */ = {
			isa = PBXGroup;
			children = (
				7EDB64DD1EEA70D2009242C7 /* Bundle+Extensions.swift */,
				7EDB64E21EEBD465009242C7 /* UIBarButtonItem+Extension.swift */,
			);
			path = Extensitons;
			sourceTree = "<group>";
		};
		7EDB64DF1EEBB9EB009242C7 /* TLTest */ = {
			isa = PBXGroup;
			children = (
				7EDB64E01EEBBA10009242C7 /* TLTestViewController.swift */,
			);
			path = TLTest;
			sourceTree = "<group>";
		};
		7EDB64E51EEC4CBC009242C7 /* MainController */ = {
			isa = PBXGroup;
			children = (
				7EE0BF4D1EEEE763005EB19E /* main.json */,
				7EDB64811EE99651009242C7 /* TLMainViewController.swift */,
				7EDB64831EE996A3009242C7 /* TLNavigationController.swift */,
			);
			name = MainController;
			sourceTree = "<group>";
		};
		7EDB64E61EED2B73009242C7 /* VisitorView */ = {
			isa = PBXGroup;
			children = (
				7EDB64E71EED2BAC009242C7 /* TLVisitorView.swift */,
			);
			path = VisitorView;
			sourceTree = "<group>";
		};
/* End PBXGroup section */

/* Begin PBXNativeTarget section */
		7EDB64611EE95027009242C7 /* TLWeibo */ = {
			isa = PBXNativeTarget;
			buildConfigurationList = 7EDB64741EE95027009242C7 /* Build configuration list for PBXNativeTarget "TLWeibo" */;
			buildPhases = (
				1D5EB20939DB457CDD0A0D8D /* [CP] Check Pods Manifest.lock */,
				7EDB645E1EE95027009242C7 /* Sources */,
				7EDB645F1EE95027009242C7 /* Frameworks */,
				7EDB64601EE95027009242C7 /* Resources */,
				0DCA9945949BCF34EE62F39D /* [CP] Embed Pods Frameworks */,
				6D1B406DA296D0B8EC3EC41F /* [CP] Copy Pods Resources */,
			);
			buildRules = (
			);
			dependencies = (
			);
			name = TLWeibo;
			productName = TLWeibo;
			productReference = 7EDB64621EE95027009242C7 /* TLWeibo.app */;
			productType = "com.apple.product-type.application";
		};
/* End PBXNativeTarget section */

/* Begin PBXProject section */
		7EDB645A1EE95027009242C7 /* Project object */ = {
			isa = PBXProject;
			attributes = {
				CLASSPREFIX = TL;
				LastSwiftUpdateCheck = 0830;
				LastUpgradeCheck = 0830;
				ORGANIZATIONNAME = lichuanjun;
				TargetAttributes = {
					7EDB64611EE95027009242C7 = {
						CreatedOnToolsVersion = 8.3.2;
						DevelopmentTeam = 2ZYJLJK82E;
						ProvisioningStyle = Automatic;
					};
				};
			};
			buildConfigurationList = 7EDB645D1EE95027009242C7 /* Build configuration list for PBXProject "TLWeibo" */;
			compatibilityVersion = "Xcode 3.2";
			developmentRegion = English;
			hasScannedForEncodings = 0;
			knownRegions = (
				en,
				Base,
			);
			mainGroup = 7EDB64591EE95027009242C7;
			productRefGroup = 7EDB64631EE95027009242C7 /* Products */;
			projectDirPath = "";
			projectRoot = "";
			targets = (
				7EDB64611EE95027009242C7 /* TLWeibo */,
			);
		};
/* End PBXProject section */

/* Begin PBXResourcesBuildPhase section */
		7EDB64601EE95027009242C7 /* Resources */ = {
			isa = PBXResourcesBuildPhase;
			buildActionMask = 2147483647;
			files = (
				7E9610631F06A3CB00FFDC93 /* TLWelcomeView.xib in Resources */,
				7EE0BF4E1EEEE763005EB19E /* main.json in Resources */,
				7E9610651F0A431E00FFDC93 /* TLNewFeatureView.xib in Resources */,
				7EDB646D1EE95027009242C7 /* Assets.xcassets in Resources */,
			);
			runOnlyForDeploymentPostprocessing = 0;
		};
/* End PBXResourcesBuildPhase section */

/* Begin PBXShellScriptBuildPhase section */
		0DCA9945949BCF34EE62F39D /* [CP] Embed Pods Frameworks */ = {
			isa = PBXShellScriptBuildPhase;
			buildActionMask = 2147483647;
			files = (
			);
			inputPaths = (
			);
			name = "[CP] Embed Pods Frameworks";
			outputPaths = (
			);
			runOnlyForDeploymentPostprocessing = 0;
			shellPath = /bin/sh;
			shellScript = "\"${SRCROOT}/Pods/Target Support Files/Pods-TLWeibo/Pods-TLWeibo-frameworks.sh\"\n";
			showEnvVarsInLog = 0;
		};
		1D5EB20939DB457CDD0A0D8D /* [CP] Check Pods Manifest.lock */ = {
			isa = PBXShellScriptBuildPhase;
			buildActionMask = 2147483647;
			files = (
			);
			inputPaths = (
			);
			name = "[CP] Check Pods Manifest.lock";
			outputPaths = (
			);
			runOnlyForDeploymentPostprocessing = 0;
			shellPath = /bin/sh;
			shellScript = "diff \"${PODS_ROOT}/../Podfile.lock\" \"${PODS_ROOT}/Manifest.lock\" > /dev/null\nif [ $? != 0 ] ; then\n    # print error to STDERR\n    echo \"error: The sandbox is not in sync with the Podfile.lock. Run 'pod install' or update your CocoaPods installation.\" >&2\n    exit 1\nfi\n";
			showEnvVarsInLog = 0;
		};
		6D1B406DA296D0B8EC3EC41F /* [CP] Copy Pods Resources */ = {
			isa = PBXShellScriptBuildPhase;
			buildActionMask = 2147483647;
			files = (
			);
			inputPaths = (
			);
			name = "[CP] Copy Pods Resources";
			outputPaths = (
			);
			runOnlyForDeploymentPostprocessing = 0;
			shellPath = /bin/sh;
			shellScript = "\"${SRCROOT}/Pods/Target Support Files/Pods-TLWeibo/Pods-TLWeibo-resources.sh\"\n";
			showEnvVarsInLog = 0;
		};
/* End PBXShellScriptBuildPhase section */

/* Begin PBXSourcesBuildPhase section */
		7EDB645E1EE95027009242C7 /* Sources */ = {
			isa = PBXSourcesBuildPhase;
			buildActionMask = 2147483647;
			files = (
				7EDB64D61EE9A16E009242C7 /* UIColor+TLAddition.m in Sources */,
				7EDB64CF1EE9A16E009242C7 /* NSArray+Log.m in Sources */,
				7EDB648E1EE99780009242C7 /* TLProfileViewController.swift in Sources */,
				7EB2065F1EF7CCFE009DA507 /* WeiboCommon.swift in Sources */,
				7EDB64D71EE9A16E009242C7 /* UILabel+TLAddition.m in Sources */,
				7EDB64D01EE9A16E009242C7 /* NSAttributedString+TLAdditon.m in Sources */,
				7E96105E1F06985A00FFDC93 /* TLWelcomeView.swift in Sources */,
				7EDB64DA1EE9A16E009242C7 /* UIViewController+TLAddition.m in Sources */,
				7EDB64DE1EEA70D2009242C7 /* Bundle+Extensions.swift in Sources */,
				7EDB64D21EE9A16E009242C7 /* NSString+TLBase64.m in Sources */,
				7EDB648A1EE9974E009242C7 /* TLMessageViewController.swift in Sources */,
				7EDB64E31EEBD465009242C7 /* UIBarButtonItem+Extension.swift in Sources */,
				7E5F0FD71EF0D4B500FC30AD /* TLNetworkManager.swift in Sources */,
				7EAB86F81F01620E006DB3F9 /* TLTitleButton.swift in Sources */,
				7E5F0FE71EF42A2B00FC30AD /* TLStatus.swift in Sources */,
				7EDB648C1EE99761009242C7 /* TLDiscoverViewController.swift in Sources */,
				7EDB64E11EEBBA10009242C7 /* TLTestViewController.swift in Sources */,
				7E5F0FE91EF42D3C00FC30AD /* TLStatusListViewModel.swift in Sources */,
				7EDB64881EE99733009242C7 /* TLHomeViewController.swift in Sources */,
				7EDB64D51EE9A16E009242C7 /* UIButton+TLAddition.m in Sources */,
				7EDB64D81EE9A16E009242C7 /* UIScreen+TLAddition.m in Sources */,
				7EDB64661EE95027009242C7 /* AppDelegate.swift in Sources */,
				7EB206621EF7D02C009DA507 /* TLOAuthViewController.swift in Sources */,
				7EDB64D11EE9A16E009242C7 /* NSObject+TLRuntime.m in Sources */,
				7E5F0FD91EF0E84E00FC30AD /* TLNetworkManager+Extension.swift in Sources */,
				7EDB64E81EED2BAC009242C7 /* TLVisitorView.swift in Sources */,
				7E9610601F0698D000FFDC93 /* TLNewFeatureView.swift in Sources */,
				7EB206651EF8D03D009DA507 /* TLUserAccount.swift in Sources */,
				7EDB64841EE996A3009242C7 /* TLNavigationController.swift in Sources */,
				7EDB64821EE99651009242C7 /* TLMainViewController.swift in Sources */,
				7EDB64D41EE9A16E009242C7 /* NSString+TLPath.m in Sources */,
				7EDB64D91EE9A16E009242C7 /* UIView+TLAddition.m in Sources */,
				7EDB64D31EE9A16E009242C7 /* NSString+TLHash.m in Sources */,
				7EDB64861EE996DA009242C7 /* TLBaseViewController.swift in Sources */,
			);
			runOnlyForDeploymentPostprocessing = 0;
		};
/* End PBXSourcesBuildPhase section */

/* Begin XCBuildConfiguration section */
		7EDB64721EE95027009242C7 /* Debug */ = {
			isa = XCBuildConfiguration;
			buildSettings = {
				ALWAYS_SEARCH_USER_PATHS = NO;
				CLANG_ANALYZER_NONNULL = YES;
				CLANG_ANALYZER_NUMBER_OBJECT_CONVERSION = YES_AGGRESSIVE;
				CLANG_CXX_LANGUAGE_STANDARD = "gnu++0x";
				CLANG_CXX_LIBRARY = "libc++";
				CLANG_ENABLE_MODULES = YES;
				CLANG_ENABLE_OBJC_ARC = YES;
				CLANG_WARN_BOOL_CONVERSION = YES;
				CLANG_WARN_CONSTANT_CONVERSION = YES;
				CLANG_WARN_DIRECT_OBJC_ISA_USAGE = YES_ERROR;
				CLANG_WARN_DOCUMENTATION_COMMENTS = YES;
				CLANG_WARN_EMPTY_BODY = YES;
				CLANG_WARN_ENUM_CONVERSION = YES;
				CLANG_WARN_INFINITE_RECURSION = YES;
				CLANG_WARN_INT_CONVERSION = YES;
				CLANG_WARN_OBJC_ROOT_CLASS = YES_ERROR;
				CLANG_WARN_SUSPICIOUS_MOVE = YES;
				CLANG_WARN_UNREACHABLE_CODE = YES;
				CLANG_WARN__DUPLICATE_METHOD_MATCH = YES;
				"CODE_SIGN_IDENTITY[sdk=iphoneos*]" = "iPhone Developer";
				COPY_PHASE_STRIP = NO;
				DEBUG_INFORMATION_FORMAT = dwarf;
				ENABLE_STRICT_OBJC_MSGSEND = YES;
				ENABLE_TESTABILITY = YES;
				GCC_C_LANGUAGE_STANDARD = gnu99;
				GCC_DYNAMIC_NO_PIC = NO;
				GCC_NO_COMMON_BLOCKS = YES;
				GCC_OPTIMIZATION_LEVEL = 0;
				GCC_PREPROCESSOR_DEFINITIONS = (
					"DEBUG=1",
					"$(inherited)",
				);
				GCC_WARN_64_TO_32_BIT_CONVERSION = YES;
				GCC_WARN_ABOUT_RETURN_TYPE = YES_ERROR;
				GCC_WARN_UNDECLARED_SELECTOR = YES;
				GCC_WARN_UNINITIALIZED_AUTOS = YES_AGGRESSIVE;
				GCC_WARN_UNUSED_FUNCTION = YES;
				GCC_WARN_UNUSED_VARIABLE = YES;
				IPHONEOS_DEPLOYMENT_TARGET = 10.3;
				MTL_ENABLE_DEBUG_INFO = YES;
				ONLY_ACTIVE_ARCH = YES;
				SDKROOT = iphoneos;
				SWIFT_ACTIVE_COMPILATION_CONDITIONS = DEBUG;
				SWIFT_OPTIMIZATION_LEVEL = "-Onone";
				TARGETED_DEVICE_FAMILY = "1,2";
			};
			name = Debug;
		};
		7EDB64731EE95027009242C7 /* Release */ = {
			isa = XCBuildConfiguration;
			buildSettings = {
				ALWAYS_SEARCH_USER_PATHS = NO;
				CLANG_ANALYZER_NONNULL = YES;
				CLANG_ANALYZER_NUMBER_OBJECT_CONVERSION = YES_AGGRESSIVE;
				CLANG_CXX_LANGUAGE_STANDARD = "gnu++0x";
				CLANG_CXX_LIBRARY = "libc++";
				CLANG_ENABLE_MODULES = YES;
				CLANG_ENABLE_OBJC_ARC = YES;
				CLANG_WARN_BOOL_CONVERSION = YES;
				CLANG_WARN_CONSTANT_CONVERSION = YES;
				CLANG_WARN_DIRECT_OBJC_ISA_USAGE = YES_ERROR;
				CLANG_WARN_DOCUMENTATION_COMMENTS = YES;
				CLANG_WARN_EMPTY_BODY = YES;
				CLANG_WARN_ENUM_CONVERSION = YES;
				CLANG_WARN_INFINITE_RECURSION = YES;
				CLANG_WARN_INT_CONVERSION = YES;
				CLANG_WARN_OBJC_ROOT_CLASS = YES_ERROR;
				CLANG_WARN_SUSPICIOUS_MOVE = YES;
				CLANG_WARN_UNREACHABLE_CODE = YES;
				CLANG_WARN__DUPLICATE_METHOD_MATCH = YES;
				"CODE_SIGN_IDENTITY[sdk=iphoneos*]" = "iPhone Developer";
				COPY_PHASE_STRIP = NO;
				DEBUG_INFORMATION_FORMAT = "dwarf-with-dsym";
				ENABLE_NS_ASSERTIONS = NO;
				ENABLE_STRICT_OBJC_MSGSEND = YES;
				GCC_C_LANGUAGE_STANDARD = gnu99;
				GCC_NO_COMMON_BLOCKS = YES;
				GCC_WARN_64_TO_32_BIT_CONVERSION = YES;
				GCC_WARN_ABOUT_RETURN_TYPE = YES_ERROR;
				GCC_WARN_UNDECLARED_SELECTOR = YES;
				GCC_WARN_UNINITIALIZED_AUTOS = YES_AGGRESSIVE;
				GCC_WARN_UNUSED_FUNCTION = YES;
				GCC_WARN_UNUSED_VARIABLE = YES;
				IPHONEOS_DEPLOYMENT_TARGET = 10.3;
				MTL_ENABLE_DEBUG_INFO = NO;
				SDKROOT = iphoneos;
				SWIFT_OPTIMIZATION_LEVEL = "-Owholemodule";
				TARGETED_DEVICE_FAMILY = "1,2";
				VALIDATE_PRODUCT = YES;
			};
			name = Release;
		};
		7EDB64751EE95027009242C7 /* Debug */ = {
			isa = XCBuildConfiguration;
			baseConfigurationReference = B4435AB0781127842AE7AB51 /* Pods-TLWeibo.debug.xcconfig */;
			buildSettings = {
				ASSETCATALOG_COMPILER_APPICON_NAME = AppIcon;
				ASSETCATALOG_COMPILER_LAUNCHIMAGE_NAME = LaunchImage;
				DEVELOPMENT_TEAM = 2ZYJLJK82E;
				INFOPLIST_FILE = TLWeibo/Info.plist;
				IPHONEOS_DEPLOYMENT_TARGET = 8.0;
				LD_RUNPATH_SEARCH_PATHS = "$(inherited) @executable_path/Frameworks";
				PRODUCT_BUNDLE_IDENTIFIER = com.niwodai.TLWeibo;
				PRODUCT_NAME = "$(TARGET_NAME)";
				SWIFT_OBJC_BRIDGING_HEADER = "TLWeibo/TLWeibo-Bridge.h";
				SWIFT_VERSION = 3.0;
			};
			name = Debug;
		};
		7EDB64761EE95027009242C7 /* Release */ = {
			isa = XCBuildConfiguration;
			baseConfigurationReference = 754894664E8FCC2F54C8BBBD /* Pods-TLWeibo.release.xcconfig */;
			buildSettings = {
				ASSETCATALOG_COMPILER_APPICON_NAME = AppIcon;
				ASSETCATALOG_COMPILER_LAUNCHIMAGE_NAME = LaunchImage;
				DEVELOPMENT_TEAM = 2ZYJLJK82E;
				INFOPLIST_FILE = TLWeibo/Info.plist;
				IPHONEOS_DEPLOYMENT_TARGET = 8.0;
				LD_RUNPATH_SEARCH_PATHS = "$(inherited) @executable_path/Frameworks";
				PRODUCT_BUNDLE_IDENTIFIER = com.niwodai.TLWeibo;
				PRODUCT_NAME = "$(TARGET_NAME)";
				SWIFT_OBJC_BRIDGING_HEADER = "TLWeibo/TLWeibo-Bridge.h";
				SWIFT_VERSION = 3.0;
			};
			name = Release;
		};
/* End XCBuildConfiguration section */

/* Begin XCConfigurationList section */
		7EDB645D1EE95027009242C7 /* Build configuration list for PBXProject "TLWeibo" */ = {
			isa = XCConfigurationList;
			buildConfigurations = (
				7EDB64721EE95027009242C7 /* Debug */,
				7EDB64731EE95027009242C7 /* Release */,
			);
			defaultConfigurationIsVisible = 0;
			defaultConfigurationName = Release;
		};
		7EDB64741EE95027009242C7 /* Build configuration list for PBXNativeTarget "TLWeibo" */ = {
			isa = XCConfigurationList;
			buildConfigurations = (
				7EDB64751EE95027009242C7 /* Debug */,
				7EDB64761EE95027009242C7 /* Release */,
			);
			defaultConfigurationIsVisible = 0;
			defaultConfigurationName = Release;
		};
/* End XCConfigurationList section */
	};
	rootObject = 7EDB645A1EE95027009242C7 /* Project object */;
}
