// !$*UTF8*$!
{
	archiveVersion = 1;
	classes = {
	};
	objectVersion = 46;
	objects = {

/* Begin PBXBuildFile section */
		7EDB64661EE95027009242C7 /* AppDelegate.swift in Sources */ = {isa = PBXBuildFile; fileRef = 7EDB64651EE95027009242C7 /* AppDelegate.swift */; };
		7EDB64681EE95027009242C7 /* ViewController.swift in Sources */ = {isa = PBXBuildFile; fileRef = 7EDB64671EE95027009242C7 /* ViewController.swift */; };
		7EDB646B1EE95027009242C7 /* Main.storyboard in Resources */ = {isa = PBXBuildFile; fileRef = 7EDB64691EE95027009242C7 /* Main.storyboard */; };
		7EDB646D1EE95027009242C7 /* Assets.xcassets in Resources */ = {isa = PBXBuildFile; fileRef = 7EDB646C1EE95027009242C7 /* Assets.xcassets */; };
		7EDB64701EE95027009242C7 /* LaunchScreen.storyboard in Resources */ = {isa = PBXBuildFile; fileRef = 7EDB646E1EE95027009242C7 /* LaunchScreen.storyboard */; };
/* End PBXBuildFile section */

/* Begin PBXFileReference section */
		7EDB64621EE95027009242C7 /* TLWeibo.app */ = {isa = PBXFileReference; explicitFileType = wrapper.application; includeInIndex = 0; path = TLWeibo.app; sourceTree = BUILT_PRODUCTS_DIR; };
		7EDB64651EE95027009242C7 /* AppDelegate.swift */ = {isa = PBXFileReference; lastKnownFileType = sourcecode.swift; path = AppDelegate.swift; sourceTree = "<group>"; };
		7EDB64671EE95027009242C7 /* ViewController.swift */ = {isa = PBXFileReference; lastKnownFileType = sourcecode.swift; path = ViewController.swift; sourceTree = "<group>"; };
		7EDB646A1EE95027009242C7 /* Base */ = {isa = PBXFileReference; lastKnownFileType = file.storyboard; name = Base; path = Base.lproj/Main.storyboard; sourceTree = "<group>"; };
		7EDB646C1EE95027009242C7 /* Assets.xcassets */ = {isa = PBXFileReference; lastKnownFileType = folder.assetcatalog; path = Assets.xcassets; sourceTree = "<group>"; };
		7EDB646F1EE95027009242C7 /* Base */ = {isa = PBXFileReference; lastKnownFileType = file.storyboard; name = Base; path = Base.lproj/LaunchScreen.storyboard; sourceTree = "<group>"; };
		7EDB64711EE95027009242C7 /* Info.plist */ = {isa = PBXFileReference; lastKnownFileType = text.plist.xml; path = Info.plist; sourceTree = "<group>"; };
/* End PBXFileReference section */

/* Begin PBXFrameworksBuildPhase section */
		7EDB645F1EE95027009242C7 /* Frameworks */ = {
			isa = PBXFrameworksBuildPhase;
			buildActionMask = 2147483647;
			files = (
			);
			runOnlyForDeploymentPostprocessing = 0;
		};
/* End PBXFrameworksBuildPhase section */

/* Begin PBXGroup section */
		7EDB64591EE95027009242C7 = {
			isa = PBXGroup;
			children = (
				7EDB64641EE95027009242C7 /* TLWeibo */,
				7EDB64631EE95027009242C7 /* Products */,
			);
			sourceTree = "<group>";
		};
		7EDB64631EE95027009242C7 /* Products */ = {
			isa = PBXGroup;
			children = (
				7EDB64621EE95027009242C7 /* TLWeibo.app */,
			);
			name = Products;
			sourceTree = "<group>";
		};
		7EDB64641EE95027009242C7 /* TLWeibo */ = {
			isa = PBXGroup;
			children = (
				7EDB64651EE95027009242C7 /* AppDelegate.swift */,
				7EDB64671EE95027009242C7 /* ViewController.swift */,
				7EDB64691EE95027009242C7 /* Main.storyboard */,
				7EDB646C1EE95027009242C7 /* Assets.xcassets */,
				7EDB646E1EE95027009242C7 /* LaunchScreen.storyboard */,
				7EDB64711EE95027009242C7 /* Info.plist */,
			);
			path = TLWeibo;
			sourceTree = "<group>";
		};
/* End PBXGroup section */

/* Begin PBXNativeTarget section */
		7EDB64611EE95027009242C7 /* TLWeibo */ = {
			isa = PBXNativeTarget;
			buildConfigurationList = 7EDB64741EE95027009242C7 /* Build configuration list for PBXNativeTarget "TLWeibo" */;
			buildPhases = (
				7EDB645E1EE95027009242C7 /* Sources */,
				7EDB645F1EE95027009242C7 /* Frameworks */,
				7EDB64601EE95027009242C7 /* Resources */,
			);
			buildRules = (
			);
			dependencies = (
			);
			name = TLWeibo;
			productName = TLWeibo;
			productReference = 7EDB64621EE95027009242C7 /* TLWeibo.app */;
			productType = "com.apple.product-type.application";
		};
/* End PBXNativeTarget section */

/* Begin PBXProject section */
		7EDB645A1EE95027009242C7 /* Project object */ = {
			isa = PBXProject;
			attributes = {
				LastSwiftUpdateCheck = 0830;
				LastUpgradeCheck = 0830;
				ORGANIZATIONNAME = lichuanjun;
				TargetAttributes = {
					7EDB64611EE95027009242C7 = {
						CreatedOnToolsVersion = 8.3.2;
						DevelopmentTeam = 68QKWWUHPW;
						ProvisioningStyle = Automatic;
					};
				};
			};
			buildConfigurationList = 7EDB645D1EE95027009242C7 /* Build configuration list for PBXProject "TLWeibo" */;
			compatibilityVersion = "Xcode 3.2";
			developmentRegion = English;
			hasScannedForEncodings = 0;
			knownRegions = (
				en,
				Base,
			);
			mainGroup = 7EDB64591EE95027009242C7;
			productRefGroup = 7EDB64631EE95027009242C7 /* Products */;
			projectDirPath = "";
			projectRoot = "";
			targets = (
				7EDB64611EE95027009242C7 /* TLWeibo */,
			);
		};
/* End PBXProject section */

/* Begin PBXResourcesBuildPhase section */
		7EDB64601EE95027009242C7 /* Resources */ = {
			isa = PBXResourcesBuildPhase;
			buildActionMask = 2147483647;
			files = (
				7EDB64701EE95027009242C7 /* LaunchScreen.storyboard in Resources */,
				7EDB646D1EE95027009242C7 /* Assets.xcassets in Resources */,
				7EDB646B1EE95027009242C7 /* Main.storyboard in Resources */,
			);
			runOnlyForDeploymentPostprocessing = 0;
		};
/* End PBXResourcesBuildPhase section */

/* Begin PBXSourcesBuildPhase section */
		7EDB645E1EE95027009242C7 /* Sources */ = {
			isa = PBXSourcesBuildPhase;
			buildActionMask = 2147483647;
			files = (
				7EDB64681EE95027009242C7 /* ViewController.swift in Sources */,
				7EDB64661EE95027009242C7 /* AppDelegate.swift in Sources */,
			);
			runOnlyForDeploymentPostprocessing = 0;
		};
/* End PBXSourcesBuildPhase section */

/* Begin PBXVariantGroup section */
		7EDB64691EE95027009242C7 /* Main.storyboard */ = {
			isa = PBXVariantGroup;
			children = (
				7EDB646A1EE95027009242C7 /* Base */,
			);
			name = Main.storyboard;
			sourceTree = "<group>";
		};
		7EDB646E1EE95027009242C7 /* LaunchScreen.storyboard */ = {
			isa = PBXVariantGroup;
			children = (
				7EDB646F1EE95027009242C7 /* Base */,
			);
			name = LaunchScreen.storyboard;
			sourceTree = "<group>";
		};
/* End PBXVariantGroup section */

/* Begin XCBuildConfiguration section */
		7EDB64721EE95027009242C7 /* Debug */ = {
			isa = XCBuildConfiguration;
			buildSettings = {
				ALWAYS_SEARCH_USER_PATHS = NO;
				CLANG_ANALYZER_NONNULL = YES;
				CLANG_ANALYZER_NUMBER_OBJECT_CONVERSION = YES_AGGRESSIVE;
				CLANG_CXX_LANGUAGE_STANDARD = "gnu++0x";
				CLANG_CXX_LIBRARY = "libc++";
				CLANG_ENABLE_MODULES = YES;
				CLANG_ENABLE_OBJC_ARC = YES;
				CLANG_WARN_BOOL_CONVERSION = YES;
				CLANG_WARN_CONSTANT_CONVERSION = YES;
				CLANG_WARN_DIRECT_OBJC_ISA_USAGE = YES_ERROR;
				CLANG_WARN_DOCUMENTATION_COMMENTS = YES;
				CLANG_WARN_EMPTY_BODY = YES;
				CLANG_WARN_ENUM_CONVERSION = YES;
				CLANG_WARN_INFINITE_RECURSION = YES;
				CLANG_WARN_INT_CONVERSION = YES;
				CLANG_WARN_OBJC_ROOT_CLASS = YES_ERROR;
				CLANG_WARN_SUSPICIOUS_MOVE = YES;
				CLANG_WARN_UNREACHABLE_CODE = YES;
				CLANG_WARN__DUPLICATE_METHOD_MATCH = YES;
				"CODE_SIGN_IDENTITY[sdk=iphoneos*]" = "iPhone Developer";
				COPY_PHASE_STRIP = NO;
				DEBUG_INFORMATION_FORMAT = dwarf;
				ENABLE_STRICT_OBJC_MSGSEND = YES;
				ENABLE_TESTABILITY = YES;
				GCC_C_LANGUAGE_STANDARD = gnu99;
				GCC_DYNAMIC_NO_PIC = NO;
				GCC_NO_COMMON_BLOCKS = YES;
				GCC_OPTIMIZATION_LEVEL = 0;
				GCC_PREPROCESSOR_DEFINITIONS = (
					"DEBUG=1",
					"$(inherited)",
				);
				GCC_WARN_64_TO_32_BIT_CONVERSION = YES;
				GCC_WARN_ABOUT_RETURN_TYPE = YES_ERROR;
				GCC_WARN_UNDECLARED_SELECTOR = YES;
				GCC_WARN_UNINITIALIZED_AUTOS = YES_AGGRESSIVE;
				GCC_WARN_UNUSED_FUNCTION = YES;
				GCC_WARN_UNUSED_VARIABLE = YES;
				IPHONEOS_DEPLOYMENT_TARGET = 10.3;
				MTL_ENABLE_DEBUG_INFO = YES;
				ONLY_ACTIVE_ARCH = YES;
				SDKROOT = iphoneos;
				SWIFT_ACTIVE_COMPILATION_CONDITIONS = DEBUG;
				SWIFT_OPTIMIZATION_LEVEL = "-Onone";
				TARGETED_DEVICE_FAMILY = "1,2";
			};
			name = Debug;
		};
		7EDB64731EE95027009242C7 /* Release */ = {
			isa = XCBuildConfiguration;
			buildSettings = {
				ALWAYS_SEARCH_USER_PATHS = NO;
				CLANG_ANALYZER_NONNULL = YES;
				CLANG_ANALYZER_NUMBER_OBJECT_CONVERSION = YES_AGGRESSIVE;
				CLANG_CXX_LANGUAGE_STANDARD = "gnu++0x";
				CLANG_CXX_LIBRARY = "libc++";
				CLANG_ENABLE_MODULES = YES;
				CLANG_ENABLE_OBJC_ARC = YES;
				CLANG_WARN_BOOL_CONVERSION = YES;
				CLANG_WARN_CONSTANT_CONVERSION = YES;
				CLANG_WARN_DIRECT_OBJC_ISA_USAGE = YES_ERROR;
				CLANG_WARN_DOCUMENTATION_COMMENTS = YES;
				CLANG_WARN_EMPTY_BODY = YES;
				CLANG_WARN_ENUM_CONVERSION = YES;
				CLANG_WARN_INFINITE_RECURSION = YES;
				CLANG_WARN_INT_CONVERSION = YES;
				CLANG_WARN_OBJC_ROOT_CLASS = YES_ERROR;
				CLANG_WARN_SUSPICIOUS_MOVE = YES;
				CLANG_WARN_UNREACHABLE_CODE = YES;
				CLANG_WARN__DUPLICATE_METHOD_MATCH = YES;
				"CODE_SIGN_IDENTITY[sdk=iphoneos*]" = "iPhone Developer";
				COPY_PHASE_STRIP = NO;
				DEBUG_INFORMATION_FORMAT = "dwarf-with-dsym";
				ENABLE_NS_ASSERTIONS = NO;
				ENABLE_STRICT_OBJC_MSGSEND = YES;
				GCC_C_LANGUAGE_STANDARD = gnu99;
				GCC_NO_COMMON_BLOCKS = YES;
				GCC_WARN_64_TO_32_BIT_CONVERSION = YES;
				GCC_WARN_ABOUT_RETURN_TYPE = YES_ERROR;
				GCC_WARN_UNDECLARED_SELECTOR = YES;
				GCC_WARN_UNINITIALIZED_AUTOS = YES_AGGRESSIVE;
				GCC_WARN_UNUSED_FUNCTION = YES;
				GCC_WARN_UNUSED_VARIABLE = YES;
				IPHONEOS_DEPLOYMENT_TARGET = 10.3;
				MTL_ENABLE_DEBUG_INFO = NO;
				SDKROOT = iphoneos;
				SWIFT_OPTIMIZATION_LEVEL = "-Owholemodule";
				TARGETED_DEVICE_FAMILY = "1,2";
				VALIDATE_PRODUCT = YES;
			};
			name = Release;
		};
		7EDB64751EE95027009242C7 /* Debug */ = {
			isa = XCBuildConfiguration;
			buildSettings = {
				ASSETCATALOG_COMPILER_APPICON_NAME = AppIcon;
				DEVELOPMENT_TEAM = 68QKWWUHPW;
				INFOPLIST_FILE = TLWeibo/Info.plist;
				LD_RUNPATH_SEARCH_PATHS = "$(inherited) @executable_path/Frameworks";
				PRODUCT_BUNDLE_IDENTIFIER = com.niwodai.TLWeibo;
				PRODUCT_NAME = "$(TARGET_NAME)";
				SWIFT_VERSION = 3.0;
			};
			name = Debug;
		};
		7EDB64761EE95027009242C7 /* Release */ = {
			isa = XCBuildConfiguration;
			buildSettings = {
				ASSETCATALOG_COMPILER_APPICON_NAME = AppIcon;
				DEVELOPMENT_TEAM = 68QKWWUHPW;
				INFOPLIST_FILE = TLWeibo/Info.plist;
				LD_RUNPATH_SEARCH_PATHS = "$(inherited) @executable_path/Frameworks";
				PRODUCT_BUNDLE_IDENTIFIER = com.niwodai.TLWeibo;
				PRODUCT_NAME = "$(TARGET_NAME)";
				SWIFT_VERSION = 3.0;
			};
			name = Release;
		};
/* End XCBuildConfiguration section */

/* Begin XCConfigurationList section */
		7EDB645D1EE95027009242C7 /* Build configuration list for PBXProject "TLWeibo" */ = {
			isa = XCConfigurationList;
			buildConfigurations = (
				7EDB64721EE95027009242C7 /* Debug */,
				7EDB64731EE95027009242C7 /* Release */,
			);
			defaultConfigurationIsVisible = 0;
			defaultConfigurationName = Release;
		};
		7EDB64741EE95027009242C7 /* Build configuration list for PBXNativeTarget "TLWeibo" */ = {
			isa = XCConfigurationList;
			buildConfigurations = (
				7EDB64751EE95027009242C7 /* Debug */,
				7EDB64761EE95027009242C7 /* Release */,
			);
			defaultConfigurationIsVisible = 0;
		};
/* End XCConfigurationList section */
	};
	rootObject = 7EDB645A1EE95027009242C7 /* Project object */;
}
